// !$*UTF8*$!
{
	archiveVersion = 1;
	classes = {
	};
	objectVersion = 50;
	objects = {

/* Begin PBXBuildFile section */
		BB21DC3322B92AB5001FD111 /* AppDelegate.swift in Sources */ = {isa = PBXBuildFile; fileRef = BB21DC3222B92AB5001FD111 /* AppDelegate.swift */; };
		BB21DC3522B92AB5001FD111 /* ViewController.swift in Sources */ = {isa = PBXBuildFile; fileRef = BB21DC3422B92AB5001FD111 /* ViewController.swift */; };
		BB21DC3822B92AB5001FD111 /* Main.storyboard in Resources */ = {isa = PBXBuildFile; fileRef = BB21DC3622B92AB5001FD111 /* Main.storyboard */; };
		BB21DC3A22B92AB6001FD111 /* Assets.xcassets in Resources */ = {isa = PBXBuildFile; fileRef = BB21DC3922B92AB6001FD111 /* Assets.xcassets */; };
		BB21DC3D22B92AB6001FD111 /* LaunchScreen.storyboard in Resources */ = {isa = PBXBuildFile; fileRef = BB21DC3B22B92AB6001FD111 /* LaunchScreen.storyboard */; };
		BB21DC7022B92E2F001FD111 /* ViewController.swift in Sources */ = {isa = PBXBuildFile; fileRef = BB21DC3422B92AB5001FD111 /* ViewController.swift */; };
		BB21DC7122B92E2F001FD111 /* AppDelegate.swift in Sources */ = {isa = PBXBuildFile; fileRef = BB21DC3222B92AB5001FD111 /* AppDelegate.swift */; };
		BB21DC7422B92E2F001FD111 /* LaunchScreen.storyboard in Resources */ = {isa = PBXBuildFile; fileRef = BB21DC3B22B92AB6001FD111 /* LaunchScreen.storyboard */; };
		BB21DC7522B92E2F001FD111 /* Assets.xcassets in Resources */ = {isa = PBXBuildFile; fileRef = BB21DC3922B92AB6001FD111 /* Assets.xcassets */; };
		BB21DC7622B92E2F001FD111 /* Main.storyboard in Resources */ = {isa = PBXBuildFile; fileRef = BB21DC3622B92AB5001FD111 /* Main.storyboard */; };
/* End PBXBuildFile section */

/* Begin PBXFileReference section */
		BB21DC2F22B92AB5001FD111 /* EnglishCentralApp.app */ = {isa = PBXFileReference; explicitFileType = wrapper.application; includeInIndex = 0; path = EnglishCentralApp.app; sourceTree = BUILT_PRODUCTS_DIR; };
		BB21DC3222B92AB5001FD111 /* AppDelegate.swift */ = {isa = PBXFileReference; lastKnownFileType = sourcecode.swift; path = AppDelegate.swift; sourceTree = "<group>"; };
		BB21DC3422B92AB5001FD111 /* ViewController.swift */ = {isa = PBXFileReference; lastKnownFileType = sourcecode.swift; path = ViewController.swift; sourceTree = "<group>"; };
		BB21DC3722B92AB5001FD111 /* Base */ = {isa = PBXFileReference; lastKnownFileType = file.storyboard; name = Base; path = Base.lproj/Main.storyboard; sourceTree = "<group>"; };
		BB21DC3922B92AB6001FD111 /* Assets.xcassets */ = {isa = PBXFileReference; lastKnownFileType = folder.assetcatalog; path = Assets.xcassets; sourceTree = "<group>"; };
		BB21DC3C22B92AB6001FD111 /* Base */ = {isa = PBXFileReference; lastKnownFileType = file.storyboard; name = Base; path = Base.lproj/LaunchScreen.storyboard; sourceTree = "<group>"; };
		BB21DC3E22B92AB6001FD111 /* Info.plist */ = {isa = PBXFileReference; lastKnownFileType = text.plist.xml; path = Info.plist; sourceTree = "<group>"; };
		BB21DC7A22B92E2F001FD111 /* MyEnglishApp.app */ = {isa = PBXFileReference; explicitFileType = wrapper.application; includeInIndex = 0; path = MyEnglishApp.app; sourceTree = BUILT_PRODUCTS_DIR; };
		BB21DC7B22B92E2F001FD111 /* MyEnglishApp-Info.plist */ = {isa = PBXFileReference; lastKnownFileType = text.plist.xml; name = "MyEnglishApp-Info.plist"; path = "/Users/mailynsajorda/Documents/Linking/EnglishCentralApp/MyEnglishApp-Info.plist"; sourceTree = "<absolute>"; };
/* End PBXFileReference section */

/* Begin PBXFrameworksBuildPhase section */
		BB21DC2C22B92AB5001FD111 /* Frameworks */ = {
			isa = PBXFrameworksBuildPhase;
			buildActionMask = 2147483647;
			files = (
			);
			runOnlyForDeploymentPostprocessing = 0;
		};
		BB21DC7222B92E2F001FD111 /* Frameworks */ = {
			isa = PBXFrameworksBuildPhase;
			buildActionMask = 2147483647;
			files = (
			);
			runOnlyForDeploymentPostprocessing = 0;
		};
/* End PBXFrameworksBuildPhase section */

/* Begin PBXGroup section */
		BB21DC2622B92AB5001FD111 = {
			isa = PBXGroup;
			children = (
				BB21DC3122B92AB5001FD111 /* EnglishCentralApp */,
				BB21DC7C22B92E48001FD111 /* MyEnglishApp */,
				BB21DC3022B92AB5001FD111 /* Products */,
			);
			sourceTree = "<group>";
		};
		BB21DC3022B92AB5001FD111 /* Products */ = {
			isa = PBXGroup;
			children = (
				BB21DC2F22B92AB5001FD111 /* EnglishCentralApp.app */,
				BB21DC7A22B92E2F001FD111 /* MyEnglishApp.app */,
			);
			name = Products;
			sourceTree = "<group>";
		};
		BB21DC3122B92AB5001FD111 /* EnglishCentralApp */ = {
			isa = PBXGroup;
			children = (
				BB21DC3222B92AB5001FD111 /* AppDelegate.swift */,
				BB21DC3422B92AB5001FD111 /* ViewController.swift */,
				BB21DC3622B92AB5001FD111 /* Main.storyboard */,
				BB21DC3922B92AB6001FD111 /* Assets.xcassets */,
				BB21DC3B22B92AB6001FD111 /* LaunchScreen.storyboard */,
				BB21DC3E22B92AB6001FD111 /* Info.plist */,
			);
			path = EnglishCentralApp;
			sourceTree = "<group>";
		};
		BB21DC7C22B92E48001FD111 /* MyEnglishApp */ = {
			isa = PBXGroup;
			children = (
				BB21DC7B22B92E2F001FD111 /* MyEnglishApp-Info.plist */,
			);
			path = MyEnglishApp;
			sourceTree = "<group>";
		};
/* End PBXGroup section */

/* Begin PBXNativeTarget section */
		BB21DC2E22B92AB5001FD111 /* EnglishCentralApp */ = {
			isa = PBXNativeTarget;
			buildConfigurationList = BB21DC4122B92AB6001FD111 /* Build configuration list for PBXNativeTarget "EnglishCentralApp" */;
			buildPhases = (
				BB21DC2B22B92AB5001FD111 /* Sources */,
				BB21DC2C22B92AB5001FD111 /* Frameworks */,
				BB21DC2D22B92AB5001FD111 /* Resources */,
			);
			buildRules = (
			);
			dependencies = (
			);
			name = EnglishCentralApp;
			productName = EnglishCentralApp;
			productReference = BB21DC2F22B92AB5001FD111 /* EnglishCentralApp.app */;
			productType = "com.apple.product-type.application";
		};
		BB21DC6E22B92E2F001FD111 /* MyEnglishApp */ = {
			isa = PBXNativeTarget;
			buildConfigurationList = BB21DC7722B92E2F001FD111 /* Build configuration list for PBXNativeTarget "MyEnglishApp" */;
			buildPhases = (
				BB21DC6F22B92E2F001FD111 /* Sources */,
				BB21DC7222B92E2F001FD111 /* Frameworks */,
				BB21DC7322B92E2F001FD111 /* Resources */,
			);
			buildRules = (
			);
			dependencies = (
			);
			name = MyEnglishApp;
			productName = EnglishCentralApp;
			productReference = BB21DC7A22B92E2F001FD111 /* MyEnglishApp.app */;
			productType = "com.apple.product-type.application";
		};
/* End PBXNativeTarget section */

/* Begin PBXProject section */
		BB21DC2722B92AB5001FD111 /* Project object */ = {
			isa = PBXProject;
			attributes = {
				LastSwiftUpdateCheck = 1020;
				LastUpgradeCheck = 1020;
				ORGANIZATIONNAME = "Mailyn Sajorda";
				TargetAttributes = {
					BB21DC2E22B92AB5001FD111 = {
						CreatedOnToolsVersion = 10.2;
					};
				};
			};
			buildConfigurationList = BB21DC2A22B92AB5001FD111 /* Build configuration list for PBXProject "EnglishCentralApp" */;
			compatibilityVersion = "Xcode 9.3";
			developmentRegion = en;
			hasScannedForEncodings = 0;
			knownRegions = (
				en,
				Base,
			);
			mainGroup = BB21DC2622B92AB5001FD111;
			productRefGroup = BB21DC3022B92AB5001FD111 /* Products */;
			projectDirPath = "";
			projectRoot = "";
			targets = (
				BB21DC2E22B92AB5001FD111 /* EnglishCentralApp */,
				BB21DC6E22B92E2F001FD111 /* MyEnglishApp */,
			);
		};
/* End PBXProject section */

/* Begin PBXResourcesBuildPhase section */
		BB21DC2D22B92AB5001FD111 /* Resources */ = {
			isa = PBXResourcesBuildPhase;
			buildActionMask = 2147483647;
			files = (
				BB21DC3D22B92AB6001FD111 /* LaunchScreen.storyboard in Resources */,
				BB21DC3A22B92AB6001FD111 /* Assets.xcassets in Resources */,
				BB21DC3822B92AB5001FD111 /* Main.storyboard in Resources */,
			);
			runOnlyForDeploymentPostprocessing = 0;
		};
		BB21DC7322B92E2F001FD111 /* Resources */ = {
			isa = PBXResourcesBuildPhase;
			buildActionMask = 2147483647;
			files = (
				BB21DC7422B92E2F001FD111 /* LaunchScreen.storyboard in Resources */,
				BB21DC7522B92E2F001FD111 /* Assets.xcassets in Resources */,
				BB21DC7622B92E2F001FD111 /* Main.storyboard in Resources */,
			);
			runOnlyForDeploymentPostprocessing = 0;
		};
/* End PBXResourcesBuildPhase section */

/* Begin PBXSourcesBuildPhase section */
		BB21DC2B22B92AB5001FD111 /* Sources */ = {
			isa = PBXSourcesBuildPhase;
			buildActionMask = 2147483647;
			files = (
				BB21DC3522B92AB5001FD111 /* ViewController.swift in Sources */,
				BB21DC3322B92AB5001FD111 /* AppDelegate.swift in Sources */,
			);
			runOnlyForDeploymentPostprocessing = 0;
		};
		BB21DC6F22B92E2F001FD111 /* Sources */ = {
			isa = PBXSourcesBuildPhase;
			buildActionMask = 2147483647;
			files = (
				BB21DC7022B92E2F001FD111 /* ViewController.swift in Sources */,
				BB21DC7122B92E2F001FD111 /* AppDelegate.swift in Sources */,
			);
			runOnlyForDeploymentPostprocessing = 0;
		};
/* End PBXSourcesBuildPhase section */

/* Begin PBXVariantGroup section */
		BB21DC3622B92AB5001FD111 /* Main.storyboard */ = {
			isa = PBXVariantGroup;
			children = (
				BB21DC3722B92AB5001FD111 /* Base */,
			);
			name = Main.storyboard;
			sourceTree = "<group>";
		};
		BB21DC3B22B92AB6001FD111 /* LaunchScreen.storyboard */ = {
			isa = PBXVariantGroup;
			children = (
				BB21DC3C22B92AB6001FD111 /* Base */,
			);
			name = LaunchScreen.storyboard;
			sourceTree = "<group>";
		};
/* End PBXVariantGroup section */

/* Begin XCBuildConfiguration section */
		BB21DC3F22B92AB6001FD111 /* Debug */ = {
			isa = XCBuildConfiguration;
			buildSettings = {
				ALWAYS_SEARCH_USER_PATHS = NO;
				CLANG_ANALYZER_NONNULL = YES;
				CLANG_ANALYZER_NUMBER_OBJECT_CONVERSION = YES_AGGRESSIVE;
				CLANG_CXX_LANGUAGE_STANDARD = "gnu++14";
				CLANG_CXX_LIBRARY = "libc++";
				CLANG_ENABLE_MODULES = YES;
				CLANG_ENABLE_OBJC_ARC = YES;
				CLANG_ENABLE_OBJC_WEAK = YES;
				CLANG_WARN_BLOCK_CAPTURE_AUTORELEASING = YES;
				CLANG_WARN_BOOL_CONVERSION = YES;
				CLANG_WARN_COMMA = YES;
				CLANG_WARN_CONSTANT_CONVERSION = YES;
				CLANG_WARN_DEPRECATED_OBJC_IMPLEMENTATIONS = YES;
				CLANG_WARN_DIRECT_OBJC_ISA_USAGE = YES_ERROR;
				CLANG_WARN_DOCUMENTATION_COMMENTS = YES;
				CLANG_WARN_EMPTY_BODY = YES;
				CLANG_WARN_ENUM_CONVERSION = YES;
				CLANG_WARN_INFINITE_RECURSION = YES;
				CLANG_WARN_INT_CONVERSION = YES;
				CLANG_WARN_NON_LITERAL_NULL_CONVERSION = YES;
				CLANG_WARN_OBJC_IMPLICIT_RETAIN_SELF = YES;
				CLANG_WARN_OBJC_LITERAL_CONVERSION = YES;
				CLANG_WARN_OBJC_ROOT_CLASS = YES_ERROR;
				CLANG_WARN_RANGE_LOOP_ANALYSIS = YES;
				CLANG_WARN_STRICT_PROTOTYPES = YES;
				CLANG_WARN_SUSPICIOUS_MOVE = YES;
				CLANG_WARN_UNGUARDED_AVAILABILITY = YES_AGGRESSIVE;
				CLANG_WARN_UNREACHABLE_CODE = YES;
				CLANG_WARN__DUPLICATE_METHOD_MATCH = YES;
				CODE_SIGN_IDENTITY = "iPhone Developer";
				COPY_PHASE_STRIP = NO;
				DEBUG_INFORMATION_FORMAT = dwarf;
				ENABLE_STRICT_OBJC_MSGSEND = YES;
				ENABLE_TESTABILITY = YES;
				GCC_C_LANGUAGE_STANDARD = gnu11;
				GCC_DYNAMIC_NO_PIC = NO;
				GCC_NO_COMMON_BLOCKS = YES;
				GCC_OPTIMIZATION_LEVEL = 0;
				GCC_PREPROCESSOR_DEFINITIONS = (
					"DEBUG=1",
					"$(inherited)",
				);
				GCC_WARN_64_TO_32_BIT_CONVERSION = YES;
				GCC_WARN_ABOUT_RETURN_TYPE = YES_ERROR;
				GCC_WARN_UNDECLARED_SELECTOR = YES;
				GCC_WARN_UNINITIALIZED_AUTOS = YES_AGGRESSIVE;
				GCC_WARN_UNUSED_FUNCTION = YES;
				GCC_WARN_UNUSED_VARIABLE = YES;
				IPHONEOS_DEPLOYMENT_TARGET = 12.2;
				MTL_ENABLE_DEBUG_INFO = INCLUDE_SOURCE;
				MTL_FAST_MATH = YES;
				ONLY_ACTIVE_ARCH = YES;
				SDKROOT = iphoneos;
				SWIFT_ACTIVE_COMPILATION_CONDITIONS = DEBUG;
				SWIFT_OPTIMIZATION_LEVEL = "-Onone";
			};
			name = Debug;
		};
		BB21DC4022B92AB6001FD111 /* Release */ = {
			isa = XCBuildConfiguration;
			buildSettings = {
				ALWAYS_SEARCH_USER_PATHS = NO;
				CLANG_ANALYZER_NONNULL = YES;
				CLANG_ANALYZER_NUMBER_OBJECT_CONVERSION = YES_AGGRESSIVE;
				CLANG_CXX_LANGUAGE_STANDARD = "gnu++14";
				CLANG_CXX_LIBRARY = "libc++";
				CLANG_ENABLE_MODULES = YES;
				CLANG_ENABLE_OBJC_ARC = YES;
				CLANG_ENABLE_OBJC_WEAK = YES;
				CLANG_WARN_BLOCK_CAPTURE_AUTORELEASING = YES;
				CLANG_WARN_BOOL_CONVERSION = YES;
				CLANG_WARN_COMMA = YES;
				CLANG_WARN_CONSTANT_CONVERSION = YES;
				CLANG_WARN_DEPRECATED_OBJC_IMPLEMENTATIONS = YES;
				CLANG_WARN_DIRECT_OBJC_ISA_USAGE = YES_ERROR;
				CLANG_WARN_DOCUMENTATION_COMMENTS = YES;
				CLANG_WARN_EMPTY_BODY = YES;
				CLANG_WARN_ENUM_CONVERSION = YES;
				CLANG_WARN_INFINITE_RECURSION = YES;
				CLANG_WARN_INT_CONVERSION = YES;
				CLANG_WARN_NON_LITERAL_NULL_CONVERSION = YES;
				CLANG_WARN_OBJC_IMPLICIT_RETAIN_SELF = YES;
				CLANG_WARN_OBJC_LITERAL_CONVERSION = YES;
				CLANG_WARN_OBJC_ROOT_CLASS = YES_ERROR;
				CLANG_WARN_RANGE_LOOP_ANALYSIS = YES;
				CLANG_WARN_STRICT_PROTOTYPES = YES;
				CLANG_WARN_SUSPICIOUS_MOVE = YES;
				CLANG_WARN_UNGUARDED_AVAILABILITY = YES_AGGRESSIVE;
				CLANG_WARN_UNREACHABLE_CODE = YES;
				CLANG_WARN__DUPLICATE_METHOD_MATCH = YES;
				CODE_SIGN_IDENTITY = "iPhone Developer";
				COPY_PHASE_STRIP = NO;
				DEBUG_INFORMATION_FORMAT = "dwarf-with-dsym";
				ENABLE_NS_ASSERTIONS = NO;
				ENABLE_STRICT_OBJC_MSGSEND = YES;
				GCC_C_LANGUAGE_STANDARD = gnu11;
				GCC_NO_COMMON_BLOCKS = YES;
				GCC_WARN_64_TO_32_BIT_CONVERSION = YES;
				GCC_WARN_ABOUT_RETURN_TYPE = YES_ERROR;
				GCC_WARN_UNDECLARED_SELECTOR = YES;
				GCC_WARN_UNINITIALIZED_AUTOS = YES_AGGRESSIVE;
				GCC_WARN_UNUSED_FUNCTION = YES;
				GCC_WARN_UNUSED_VARIABLE = YES;
				IPHONEOS_DEPLOYMENT_TARGET = 12.2;
				MTL_ENABLE_DEBUG_INFO = NO;
				MTL_FAST_MATH = YES;
				SDKROOT = iphoneos;
				SWIFT_COMPILATION_MODE = wholemodule;
				SWIFT_OPTIMIZATION_LEVEL = "-O";
				VALIDATE_PRODUCT = YES;
			};
			name = Release;
		};
		BB21DC4222B92AB6001FD111 /* Debug */ = {
			isa = XCBuildConfiguration;
			buildSettings = {
				ASSETCATALOG_COMPILER_APPICON_NAME = AppIcon;
				CODE_SIGN_STYLE = Automatic;
				DEVELOPMENT_TEAM = 9H62ZQ6QKE;
				INFOPLIST_FILE = EnglishCentralApp/Info.plist;
				LD_RUNPATH_SEARCH_PATHS = (
					"$(inherited)",
					"@executable_path/Frameworks",
				);
				PRODUCT_BUNDLE_IDENTIFIER = com.englishcentral.mobile.ios.EnglishCentralApp;
				PRODUCT_NAME = "$(TARGET_NAME)";
				SWIFT_VERSION = 5.0;
				TARGETED_DEVICE_FAMILY = "1,2";
			};
			name = Debug;
		};
		BB21DC4322B92AB6001FD111 /* Release */ = {
			isa = XCBuildConfiguration;
			buildSettings = {
				ASSETCATALOG_COMPILER_APPICON_NAME = AppIcon;
				CODE_SIGN_STYLE = Automatic;
				DEVELOPMENT_TEAM = 9H62ZQ6QKE;
				INFOPLIST_FILE = EnglishCentralApp/Info.plist;
				LD_RUNPATH_SEARCH_PATHS = (
					"$(inherited)",
					"@executable_path/Frameworks",
				);
				PRODUCT_BUNDLE_IDENTIFIER = com.englishcentral.mobile.ios.EnglishCentralApp;
				PRODUCT_NAME = "$(TARGET_NAME)";
				SWIFT_VERSION = 5.0;
				TARGETED_DEVICE_FAMILY = "1,2";
			};
			name = Release;
		};
		BB21DC7822B92E2F001FD111 /* Debug */ = {
			isa = XCBuildConfiguration;
			buildSettings = {
				ASSETCATALOG_COMPILER_APPICON_NAME = AppIcon;
				CLANG_MODULES_AUTOLINK = YES;
				CODE_SIGN_STYLE = Automatic;
				DEVELOPMENT_TEAM = 9H62ZQ6QKE;
				GCC_LINK_WITH_DYNAMIC_LIBRARIES = YES;
				INFOPLIST_FILE = "MyEnglishApp/MyEnglishApp-Info.plist";
				LD_RUNPATH_SEARCH_PATHS = (
					"$(inherited)",
					"@executable_path/Frameworks",
				);
				OTHER_LDFLAGS = (
					"$(inherited)",
					"-framework",
					"\"Alamofire\"",
					"-framework",
					"\"MBProgressHUD\"",
				);
				PRODUCT_BUNDLE_IDENTIFIER = com.englishcentral.mobile.ios.EnglishCentralApp;
				PRODUCT_NAME = "$(TARGET_NAME)";
				SWIFT_VERSION = 5.0;
				TARGETED_DEVICE_FAMILY = "1,2";
			};
			name = Debug;
		};
		BB21DC7922B92E2F001FD111 /* Release */ = {
			isa = XCBuildConfiguration;
			buildSettings = {
				ASSETCATALOG_COMPILER_APPICON_NAME = AppIcon;
				CLANG_MODULES_AUTOLINK = YES;
				CODE_SIGN_STYLE = Automatic;
				DEVELOPMENT_TEAM = 9H62ZQ6QKE;
				GCC_LINK_WITH_DYNAMIC_LIBRARIES = YES;
				INFOPLIST_FILE = "MyEnglishApp/MyEnglishApp-Info.plist";
				LD_RUNPATH_SEARCH_PATHS = (
					"$(inherited)",
					"@executable_path/Frameworks",
				);
				OTHER_LDFLAGS = (
					"$(inherited)",
					"-framework",
					"\"Alamofire\"",
					"-framework",
					"\"MBProgressHUD\"",
				);
				PRODUCT_BUNDLE_IDENTIFIER = com.englishcentral.mobile.ios.EnglishCentralApp;
				PRODUCT_NAME = "$(TARGET_NAME)";
				SWIFT_VERSION = 5.0;
				TARGETED_DEVICE_FAMILY = "1,2";
			};
			name = Release;
		};
/* End XCBuildConfiguration section */

/* Begin XCConfigurationList section */
		BB21DC2A22B92AB5001FD111 /* Build configuration list for PBXProject "EnglishCentralApp" */ = {
			isa = XCConfigurationList;
			buildConfigurations = (
				BB21DC3F22B92AB6001FD111 /* Debug */,
				BB21DC4022B92AB6001FD111 /* Release */,
			);
			defaultConfigurationIsVisible = 0;
			defaultConfigurationName = Release;
		};
		BB21DC4122B92AB6001FD111 /* Build configuration list for PBXNativeTarget "EnglishCentralApp" */ = {
			isa = XCConfigurationList;
			buildConfigurations = (
				BB21DC4222B92AB6001FD111 /* Debug */,
				BB21DC4322B92AB6001FD111 /* Release */,
			);
			defaultConfigurationIsVisible = 0;
			defaultConfigurationName = Release;
		};
		BB21DC7722B92E2F001FD111 /* Build configuration list for PBXNativeTarget "MyEnglishApp" */ = {
			isa = XCConfigurationList;
			buildConfigurations = (
				BB21DC7822B92E2F001FD111 /* Debug */,
				BB21DC7922B92E2F001FD111 /* Release */,
			);
			defaultConfigurationIsVisible = 0;
			defaultConfigurationName = Release;
		};
/* End XCConfigurationList section */
	};
	rootObject = BB21DC2722B92AB5001FD111 /* Project object */;
}
